// !$*UTF8*$!
{
	archiveVersion = 1;
	classes = {
	};
	objectVersion = 50;
	objects = {

/* Begin PBXBuildFile section */
		DBC19D3121FF9AC700FA8D90 /* Runner.cpp in Sources */ = {isa = PBXBuildFile; fileRef = DBC19D3021FF9AC700FA8D90 /* Runner.cpp */; };
		DBC19D3421FF9AD300FA8D90 /* Controller.cpp in Sources */ = {isa = PBXBuildFile; fileRef = DBC19D3221FF9AD300FA8D90 /* Controller.cpp */; };
/* End PBXBuildFile section */

/* Begin PBXCopyFilesBuildPhase section */
		DBC19D2121FF9A8000FA8D90 /* CopyFiles */ = {
			isa = PBXCopyFilesBuildPhase;
			buildActionMask = 2147483647;
			dstPath = /usr/share/man/man1/;
			dstSubfolderSpec = 0;
			files = (
			);
			runOnlyForDeploymentPostprocessing = 1;
		};
/* End PBXCopyFilesBuildPhase section */

/* Begin PBXFileReference section */
		DBC19D2321FF9A8000FA8D90 /* VectorProject */ = {isa = PBXFileReference; explicitFileType = "compiled.mach-o.executable"; includeInIndex = 0; path = VectorProject; sourceTree = BUILT_PRODUCTS_DIR; };
		DBC19D3021FF9AC700FA8D90 /* Runner.cpp */ = {isa = PBXFileReference; lastKnownFileType = sourcecode.cpp.cpp; path = Runner.cpp; sourceTree = "<group>"; };
		DBC19D3221FF9AD300FA8D90 /* Controller.cpp */ = {isa = PBXFileReference; lastKnownFileType = sourcecode.cpp.cpp; path = Controller.cpp; sourceTree = "<group>"; };
		DBC19D3321FF9AD300FA8D90 /* Controller.hpp */ = {isa = PBXFileReference; lastKnownFileType = sourcecode.cpp.h; path = Controller.hpp; sourceTree = "<group>"; };
/* End PBXFileReference section */

/* Begin PBXFrameworksBuildPhase section */
		DBC19D2021FF9A8000FA8D90 /* Frameworks */ = {
			isa = PBXFrameworksBuildPhase;
			buildActionMask = 2147483647;
			files = (
			);
			runOnlyForDeploymentPostprocessing = 0;
		};
/* End PBXFrameworksBuildPhase section */

/* Begin PBXGroup section */
		DBC19D1A21FF9A7F00FA8D90 = {
			isa = PBXGroup;
			children = (
				DBC19D2521FF9A8000FA8D90 /* VectorProject */,
				DBC19D2421FF9A8000FA8D90 /* Products */,
			);
			sourceTree = "<group>";
		};
		DBC19D2421FF9A8000FA8D90 /* Products */ = {
			isa = PBXGroup;
			children = (
				DBC19D2321FF9A8000FA8D90 /* VectorProject */,
			);
			name = Products;
			sourceTree = "<group>";
		};
		DBC19D2521FF9A8000FA8D90 /* VectorProject */ = {
			isa = PBXGroup;
			children = (
				DBC19D2D21FF9A8B00FA8D90 /* Model */,
				DBC19D2F21FF9AAE00FA8D90 /* View */,
				DBC19D2E21FF9A9500FA8D90 /* Controller */,
			);
			path = VectorProject;
			sourceTree = "<group>";
		};
		DBC19D2D21FF9A8B00FA8D90 /* Model */ = {
			isa = PBXGroup;
			children = (
			);
			path = Model;
			sourceTree = "<group>";
		};
		DBC19D2E21FF9A9500FA8D90 /* Controller */ = {
			isa = PBXGroup;
			children = (
				DBC19D3021FF9AC700FA8D90 /* Runner.cpp */,
				DBC19D3221FF9AD300FA8D90 /* Controller.cpp */,
				DBC19D3321FF9AD300FA8D90 /* Controller.hpp */,
			);
			path = Controller;
			sourceTree = "<group>";
		};
		DBC19D2F21FF9AAE00FA8D90 /* View */ = {
			isa = PBXGroup;
			children = (
			);
			path = View;
			sourceTree = "<group>";
		};
/* End PBXGroup section */

/* Begin PBXNativeTarget section */
		DBC19D2221FF9A8000FA8D90 /* VectorProject */ = {
			isa = PBXNativeTarget;
			buildConfigurationList = DBC19D2A21FF9A8000FA8D90 /* Build configuration list for PBXNativeTarget "VectorProject" */;
			buildPhases = (
				DBC19D1F21FF9A8000FA8D90 /* Sources */,
				DBC19D2021FF9A8000FA8D90 /* Frameworks */,
				DBC19D2121FF9A8000FA8D90 /* CopyFiles */,
			);
			buildRules = (
			);
			dependencies = (
			);
			name = VectorProject;
			productName = VectorProject;
			productReference = DBC19D2321FF9A8000FA8D90 /* VectorProject */;
			productType = "com.apple.product-type.tool";
		};
/* End PBXNativeTarget section */

/* Begin PBXProject section */
		DBC19D1B21FF9A7F00FA8D90 /* Project object */ = {
			isa = PBXProject;
			attributes = {
				LastUpgradeCheck = 1000;
				ORGANIZATIONNAME = CTEC;
				TargetAttributes = {
					DBC19D2221FF9A8000FA8D90 = {
						CreatedOnToolsVersion = 10.0;
					};
				};
			};
			buildConfigurationList = DBC19D1E21FF9A7F00FA8D90 /* Build configuration list for PBXProject "VectorProject" */;
			compatibilityVersion = "Xcode 9.3";
			developmentRegion = en;
			hasScannedForEncodings = 0;
			knownRegions = (
				en,
			);
			mainGroup = DBC19D1A21FF9A7F00FA8D90;
			productRefGroup = DBC19D2421FF9A8000FA8D90 /* Products */;
			projectDirPath = "";
			projectRoot = "";
			targets = (
				DBC19D2221FF9A8000FA8D90 /* VectorProject */,
			);
		};
/* End PBXProject section */

/* Begin PBXSourcesBuildPhase section */
		DBC19D1F21FF9A8000FA8D90 /* Sources */ = {
			isa = PBXSourcesBuildPhase;
			buildActionMask = 2147483647;
			files = (
				DBC19D3121FF9AC700FA8D90 /* Runner.cpp in Sources */,
				DBC19D3421FF9AD300FA8D90 /* Controller.cpp in Sources */,
			);
			runOnlyForDeploymentPostprocessing = 0;
		};
/* End PBXSourcesBuildPhase section */

/* Begin XCBuildConfiguration section */
		DBC19D2821FF9A8000FA8D90 /* Debug */ = {
			isa = XCBuildConfiguration;
			buildSettings = {
				ALWAYS_SEARCH_USER_PATHS = NO;
				CLANG_ANALYZER_NONNULL = YES;
				CLANG_ANALYZER_NUMBER_OBJECT_CONVERSION = YES_AGGRESSIVE;
				CLANG_CXX_LANGUAGE_STANDARD = "gnu++14";
				CLANG_CXX_LIBRARY = "libc++";
				CLANG_ENABLE_MODULES = YES;
				CLANG_ENABLE_OBJC_ARC = YES;
				CLANG_ENABLE_OBJC_WEAK = YES;
				CLANG_WARN_BLOCK_CAPTURE_AUTORELEASING = YES;
				CLANG_WARN_BOOL_CONVERSION = YES;
				CLANG_WARN_COMMA = YES;
				CLANG_WARN_CONSTANT_CONVERSION = YES;
				CLANG_WARN_DEPRECATED_OBJC_IMPLEMENTATIONS = YES;
				CLANG_WARN_DIRECT_OBJC_ISA_USAGE = YES_ERROR;
				CLANG_WARN_DOCUMENTATION_COMMENTS = YES;
				CLANG_WARN_EMPTY_BODY = YES;
				CLANG_WARN_ENUM_CONVERSION = YES;
				CLANG_WARN_INFINITE_RECURSION = YES;
				CLANG_WARN_INT_CONVERSION = YES;
				CLANG_WARN_NON_LITERAL_NULL_CONVERSION = YES;
				CLANG_WARN_OBJC_IMPLICIT_RETAIN_SELF = YES;
				CLANG_WARN_OBJC_LITERAL_CONVERSION = YES;
				CLANG_WARN_OBJC_ROOT_CLASS = YES_ERROR;
				CLANG_WARN_RANGE_LOOP_ANALYSIS = YES;
				CLANG_WARN_STRICT_PROTOTYPES = YES;
				CLANG_WARN_SUSPICIOUS_MOVE = YES;
				CLANG_WARN_UNGUARDED_AVAILABILITY = YES_AGGRESSIVE;
				CLANG_WARN_UNREACHABLE_CODE = YES;
				CLANG_WARN__DUPLICATE_METHOD_MATCH = YES;
				CODE_SIGN_IDENTITY = "-";
				COPY_PHASE_STRIP = NO;
				DEBUG_INFORMATION_FORMAT = dwarf;
				ENABLE_STRICT_OBJC_MSGSEND = YES;
				ENABLE_TESTABILITY = YES;
				GCC_C_LANGUAGE_STANDARD = gnu11;
				GCC_DYNAMIC_NO_PIC = NO;
				GCC_NO_COMMON_BLOCKS = YES;
				GCC_OPTIMIZATION_LEVEL = 0;
				GCC_PREPROCESSOR_DEFINITIONS = (
					"DEBUG=1",
					"$(inherited)",
				);
				GCC_WARN_64_TO_32_BIT_CONVERSION = YES;
				GCC_WARN_ABOUT_RETURN_TYPE = YES_ERROR;
				GCC_WARN_UNDECLARED_SELECTOR = YES;
				GCC_WARN_UNINITIALIZED_AUTOS = YES_AGGRESSIVE;
				GCC_WARN_UNUSED_FUNCTION = YES;
				GCC_WARN_UNUSED_VARIABLE = YES;
				MACOSX_DEPLOYMENT_TARGET = 10.13;
				MTL_ENABLE_DEBUG_INFO = INCLUDE_SOURCE;
				MTL_FAST_MATH = YES;
				ONLY_ACTIVE_ARCH = YES;
				SDKROOT = macosx;
			};
			name = Debug;
		};
		DBC19D2921FF9A8000FA8D90 /* Release */ = {
			isa = XCBuildConfiguration;
			buildSettings = {
				ALWAYS_SEARCH_USER_PATHS = NO;
				CLANG_ANALYZER_NONNULL = YES;
				CLANG_ANALYZER_NUMBER_OBJECT_CONVERSION = YES_AGGRESSIVE;
				CLANG_CXX_LANGUAGE_STANDARD = "gnu++14";
				CLANG_CXX_LIBRARY = "libc++";
				CLANG_ENABLE_MODULES = YES;
				CLANG_ENABLE_OBJC_ARC = YES;
				CLANG_ENABLE_OBJC_WEAK = YES;
				CLANG_WARN_BLOCK_CAPTURE_AUTORELEASING = YES;
				CLANG_WARN_BOOL_CONVERSION = YES;
				CLANG_WARN_COMMA = YES;
				CLANG_WARN_CONSTANT_CONVERSION = YES;
				CLANG_WARN_DEPRECATED_OBJC_IMPLEMENTATIONS = YES;
				CLANG_WARN_DIRECT_OBJC_ISA_USAGE = YES_ERROR;
				CLANG_WARN_DOCUMENTATION_COMMENTS = YES;
				CLANG_WARN_EMPTY_BODY = YES;
				CLANG_WARN_ENUM_CONVERSION = YES;
				CLANG_WARN_INFINITE_RECURSION = YES;
				CLANG_WARN_INT_CONVERSION = YES;
				CLANG_WARN_NON_LITERAL_NULL_CONVERSION = YES;
				CLANG_WARN_OBJC_IMPLICIT_RETAIN_SELF = YES;
				CLANG_WARN_OBJC_LITERAL_CONVERSION = YES;
				CLANG_WARN_OBJC_ROOT_CLASS = YES_ERROR;
				CLANG_WARN_RANGE_LOOP_ANALYSIS = YES;
				CLANG_WARN_STRICT_PROTOTYPES = YES;
				CLANG_WARN_SUSPICIOUS_MOVE = YES;
				CLANG_WARN_UNGUARDED_AVAILABILITY = YES_AGGRESSIVE;
				CLANG_WARN_UNREACHABLE_CODE = YES;
				CLANG_WARN__DUPLICATE_METHOD_MATCH = YES;
				CODE_SIGN_IDENTITY = "-";
				COPY_PHASE_STRIP = NO;
				DEBUG_INFORMATION_FORMAT = "dwarf-with-dsym";
				ENABLE_NS_ASSERTIONS = NO;
				ENABLE_STRICT_OBJC_MSGSEND = YES;
				GCC_C_LANGUAGE_STANDARD = gnu11;
				GCC_NO_COMMON_BLOCKS = YES;
				GCC_WARN_64_TO_32_BIT_CONVERSION = YES;
				GCC_WARN_ABOUT_RETURN_TYPE = YES_ERROR;
				GCC_WARN_UNDECLARED_SELECTOR = YES;
				GCC_WARN_UNINITIALIZED_AUTOS = YES_AGGRESSIVE;
				GCC_WARN_UNUSED_FUNCTION = YES;
				GCC_WARN_UNUSED_VARIABLE = YES;
				MACOSX_DEPLOYMENT_TARGET = 10.13;
				MTL_ENABLE_DEBUG_INFO = NO;
				MTL_FAST_MATH = YES;
				SDKROOT = macosx;
			};
			name = Release;
		};
		DBC19D2B21FF9A8000FA8D90 /* Debug */ = {
			isa = XCBuildConfiguration;
			buildSettings = {
				CODE_SIGN_STYLE = Automatic;
				PRODUCT_NAME = "$(TARGET_NAME)";
			};
			name = Debug;
		};
		DBC19D2C21FF9A8000FA8D90 /* Release */ = {
			isa = XCBuildConfiguration;
			buildSettings = {
				CODE_SIGN_STYLE = Automatic;
				PRODUCT_NAME = "$(TARGET_NAME)";
			};
			name = Release;
		};
/* End XCBuildConfiguration section */

/* Begin XCConfigurationList section */
		DBC19D1E21FF9A7F00FA8D90 /* Build configuration list for PBXProject "VectorProject" */ = {
			isa = XCConfigurationList;
			buildConfigurations = (
				DBC19D2821FF9A8000FA8D90 /* Debug */,
				DBC19D2921FF9A8000FA8D90 /* Release */,
			);
			defaultConfigurationIsVisible = 0;
			defaultConfigurationName = Release;
		};
		DBC19D2A21FF9A8000FA8D90 /* Build configuration list for PBXNativeTarget "VectorProject" */ = {
			isa = XCConfigurationList;
			buildConfigurations = (
				DBC19D2B21FF9A8000FA8D90 /* Debug */,
				DBC19D2C21FF9A8000FA8D90 /* Release */,
			);
			defaultConfigurationIsVisible = 0;
			defaultConfigurationName = Release;
		};
/* End XCConfigurationList section */
	};
	rootObject = DBC19D1B21FF9A7F00FA8D90 /* Project object */;
}
